dependencies:
  idf:
    component_hash: null
    source:
      type: idf
    version: 5.2.1
  protocol_examples_common:
    component_hash: null
    source:
      path: /home/sonnguyen/esp/v5.2.1/esp-idf/examples/common_components/protocol_examples_common
      type: local
    version: '*'
manifest_hash: 7585d28f53bed4e615456753d6742191cb7149aa53d589d9263a32169b9384ff
target: esp32
version: 1.0.0
